
Microsoft Visual Studio Solution File, Format Version 12.00
# Visual Studio 15
VisualStudioVersion = 15.0.26124.0
MinimumVisualStudioVersion = 15.0.26124.0
Project("{2150E333-8FDC-42A3-9474-1A3956D46DE8}") = "src", "src", "{8398FE90-859D-4545-B14A-541DB373CBD6}"
EndProject
Project("{FAE04EC0-301F-11D3-BF4B-00C04F79EFBC}") = "Mono.Ssdp", "src\Mono.Ssdp\Mono.Ssdp\Mono.Ssdp.csproj", "{F7C9C11B-B1D1-4C57-BAD5-3338909E55FC}"
EndProject
Project("{2150E333-8FDC-42A3-9474-1A3956D46DE8}") = "Mono.Upnp", "Mono.Upnp", "{3C242B69-A30D-4BC4-A442-53EA94782F19}"
EndProject
Project("{FAE04EC0-301F-11D3-BF4B-00C04F79EFBC}") = "Mono.Upnp", "src\Mono.Upnp\Mono.Upnp\Mono.Upnp.csproj", "{597FA59F-6BCC-4646-99CF-6EBB19922D82}"
EndProject
Project("{2150E333-8FDC-42A3-9474-1A3956D46DE8}") = "tests", "tests", "{2B1FB045-32F2-4224-A5B1-0275D0024297}"
EndProject
Project("{FAE04EC0-301F-11D3-BF4B-00C04F79EFBC}") = "Mono.Ssdp.Tests", "tests\Mono.Ssdp.Tests\Mono.Ssdp.Tests.csproj", "{0DEB1577-C6B6-41B7-B387-52C9E3656516}"
EndProject
Project("{FAE04EC0-301F-11D3-BF4B-00C04F79EFBC}") = "Mono.Upnp.Tests", "tests\Mono.Upnp.Tests\Mono.Upnp.Tests.csproj", "{3F58BBEF-8D9C-4E77-A887-09EF974754D1}"
EndProject
Global
	GlobalSection(SolutionConfigurationPlatforms) = preSolution
		Debug|Any CPU = Debug|Any CPU
		Debug|x64 = Debug|x64
		Debug|x86 = Debug|x86
		Release|Any CPU = Release|Any CPU
		Release|x64 = Release|x64
		Release|x86 = Release|x86
	EndGlobalSection
	GlobalSection(SolutionProperties) = preSolution
		HideSolutionNode = FALSE
	EndGlobalSection
	GlobalSection(ProjectConfigurationPlatforms) = postSolution
		{F7C9C11B-B1D1-4C57-BAD5-3338909E55FC}.Debug|Any CPU.ActiveCfg = Debug|Any CPU
		{F7C9C11B-B1D1-4C57-BAD5-3338909E55FC}.Debug|Any CPU.Build.0 = Debug|Any CPU
		{F7C9C11B-B1D1-4C57-BAD5-3338909E55FC}.Debug|x64.ActiveCfg = Debug|Any CPU
		{F7C9C11B-B1D1-4C57-BAD5-3338909E55FC}.Debug|x64.Build.0 = Debug|Any CPU
		{F7C9C11B-B1D1-4C57-BAD5-3338909E55FC}.Debug|x86.ActiveCfg = Debug|Any CPU
		{F7C9C11B-B1D1-4C57-BAD5-3338909E55FC}.Debug|x86.Build.0 = Debug|Any CPU
		{F7C9C11B-B1D1-4C57-BAD5-3338909E55FC}.Release|Any CPU.ActiveCfg = Release|Any CPU
		{F7C9C11B-B1D1-4C57-BAD5-3338909E55FC}.Release|Any CPU.Build.0 = Release|Any CPU
		{F7C9C11B-B1D1-4C57-BAD5-3338909E55FC}.Release|x64.ActiveCfg = Release|Any CPU
		{F7C9C11B-B1D1-4C57-BAD5-3338909E55FC}.Release|x64.Build.0 = Release|Any CPU
		{F7C9C11B-B1D1-4C57-BAD5-3338909E55FC}.Release|x86.ActiveCfg = Release|Any CPU
		{F7C9C11B-B1D1-4C57-BAD5-3338909E55FC}.Release|x86.Build.0 = Release|Any CPU
		{597FA59F-6BCC-4646-99CF-6EBB19922D82}.Debug|Any CPU.ActiveCfg = Debug|Any CPU
		{597FA59F-6BCC-4646-99CF-6EBB19922D82}.Debug|Any CPU.Build.0 = Debug|Any CPU
		{597FA59F-6BCC-4646-99CF-6EBB19922D82}.Debug|x64.ActiveCfg = Debug|Any CPU
		{597FA59F-6BCC-4646-99CF-6EBB19922D82}.Debug|x64.Build.0 = Debug|Any CPU
		{597FA59F-6BCC-4646-99CF-6EBB19922D82}.Debug|x86.ActiveCfg = Debug|Any CPU
		{597FA59F-6BCC-4646-99CF-6EBB19922D82}.Debug|x86.Build.0 = Debug|Any CPU
		{597FA59F-6BCC-4646-99CF-6EBB19922D82}.Release|Any CPU.ActiveCfg = Release|Any CPU
		{597FA59F-6BCC-4646-99CF-6EBB19922D82}.Release|Any CPU.Build.0 = Release|Any CPU
		{597FA59F-6BCC-4646-99CF-6EBB19922D82}.Release|x64.ActiveCfg = Release|Any CPU
		{597FA59F-6BCC-4646-99CF-6EBB19922D82}.Release|x64.Build.0 = Release|Any CPU
		{597FA59F-6BCC-4646-99CF-6EBB19922D82}.Release|x86.ActiveCfg = Release|Any CPU
		{597FA59F-6BCC-4646-99CF-6EBB19922D82}.Release|x86.Build.0 = Release|Any CPU
		{0DEB1577-C6B6-41B7-B387-52C9E3656516}.Debug|Any CPU.ActiveCfg = Debug|Any CPU
		{0DEB1577-C6B6-41B7-B387-52C9E3656516}.Debug|Any CPU.Build.0 = Debug|Any CPU
		{0DEB1577-C6B6-41B7-B387-52C9E3656516}.Debug|x64.ActiveCfg = Debug|Any CPU
		{0DEB1577-C6B6-41B7-B387-52C9E3656516}.Debug|x64.Build.0 = Debug|Any CPU
		{0DEB1577-C6B6-41B7-B387-52C9E3656516}.Debug|x86.ActiveCfg = Debug|Any CPU
		{0DEB1577-C6B6-41B7-B387-52C9E3656516}.Debug|x86.Build.0 = Debug|Any CPU
		{0DEB1577-C6B6-41B7-B387-52C9E3656516}.Release|Any CPU.ActiveCfg = Release|Any CPU
		{0DEB1577-C6B6-41B7-B387-52C9E3656516}.Release|Any CPU.Build.0 = Release|Any CPU
		{0DEB1577-C6B6-41B7-B387-52C9E3656516}.Release|x64.ActiveCfg = Release|Any CPU
		{0DEB1577-C6B6-41B7-B387-52C9E3656516}.Release|x64.Build.0 = Release|Any CPU
		{0DEB1577-C6B6-41B7-B387-52C9E3656516}.Release|x86.ActiveCfg = Release|Any CPU
		{0DEB1577-C6B6-41B7-B387-52C9E3656516}.Release|x86.Build.0 = Release|Any CPU
		{3F58BBEF-8D9C-4E77-A887-09EF974754D1}.Debug|Any CPU.ActiveCfg = Debug|Any CPU
		{3F58BBEF-8D9C-4E77-A887-09EF974754D1}.Debug|Any CPU.Build.0 = Debug|Any CPU
		{3F58BBEF-8D9C-4E77-A887-09EF974754D1}.Debug|x64.ActiveCfg = Debug|Any CPU
		{3F58BBEF-8D9C-4E77-A887-09EF974754D1}.Debug|x64.Build.0 = Debug|Any CPU
		{3F58BBEF-8D9C-4E77-A887-09EF974754D1}.Debug|x86.ActiveCfg = Debug|Any CPU
		{3F58BBEF-8D9C-4E77-A887-09EF974754D1}.Debug|x86.Build.0 = Debug|Any CPU
		{3F58BBEF-8D9C-4E77-A887-09EF974754D1}.Release|Any CPU.ActiveCfg = Release|Any CPU
		{3F58BBEF-8D9C-4E77-A887-09EF974754D1}.Release|Any CPU.Build.0 = Release|Any CPU
		{3F58BBEF-8D9C-4E77-A887-09EF974754D1}.Release|x64.ActiveCfg = Release|Any CPU
		{3F58BBEF-8D9C-4E77-A887-09EF974754D1}.Release|x64.Build.0 = Release|Any CPU
		{3F58BBEF-8D9C-4E77-A887-09EF974754D1}.Release|x86.ActiveCfg = Release|Any CPU
		{3F58BBEF-8D9C-4E77-A887-09EF974754D1}.Release|x86.Build.0 = Release|Any CPU
	EndGlobalSection
	GlobalSection(NestedProjects) = preSolution
		{F7C9C11B-B1D1-4C57-BAD5-3338909E55FC} = {8398FE90-859D-4545-B14A-541DB373CBD6}
		{3C242B69-A30D-4BC4-A442-53EA94782F19} = {8398FE90-859D-4545-B14A-541DB373CBD6}
		{597FA59F-6BCC-4646-99CF-6EBB19922D82} = {3C242B69-A30D-4BC4-A442-53EA94782F19}
		{0DEB1577-C6B6-41B7-B387-52C9E3656516} = {2B1FB045-32F2-4224-A5B1-0275D0024297}
		{3F58BBEF-8D9C-4E77-A887-09EF974754D1} = {2B1FB045-32F2-4224-A5B1-0275D0024297}
	EndGlobalSection
EndGlobal
